
Microsoft Visual Studio Solution File, Format Version 12.00
# Visual Studio 15
VisualStudioVersion = 15.0.26430.15
MinimumVisualStudioVersion = 10.0.40219.1
Project("{9092AA53-FB77-4645-B42D-1CCCA6BD08BD}") = "exam1", "exam1\exam1.njsproj", "{0F1F6190-839C-4285-8756-98F098F01CD1}"
EndProject
Project("{8BC9CEB8-8B4A-11D0-8D11-00A0C91BC942}") = "exam2", "exam2\exam2.vcxproj", "{21FFEB8F-B476-46D3-83B1-19A871EF9270}"
EndProject
Project("{8BC9CEB8-8B4A-11D0-8D11-00A0C91BC942}") = "exam3", "exam3\exam3.vcxproj", "{3FD50026-C321-4008-876B-6B491BD25487}"
EndProject
Project("{8BC9CEB8-8B4A-11D0-8D11-00A0C91BC942}") = "exam4", "exam4\exam4.vcxproj", "{E2C00B0C-6D18-4DFD-9A03-113ABABF1028}"
EndProject
Global
	GlobalSection(SolutionConfigurationPlatforms) = preSolution
		Debug|Any CPU = Debug|Any CPU
		Debug|x64 = Debug|x64
		Debug|x86 = Debug|x86
		Release|Any CPU = Release|Any CPU
		Release|x64 = Release|x64
		Release|x86 = Release|x86
	EndGlobalSection
	GlobalSection(ProjectConfigurationPlatforms) = postSolution
		{0F1F6190-839C-4285-8756-98F098F01CD1}.Debug|Any CPU.ActiveCfg = Debug|Any CPU
		{0F1F6190-839C-4285-8756-98F098F01CD1}.Debug|Any CPU.Build.0 = Debug|Any CPU
		{0F1F6190-839C-4285-8756-98F098F01CD1}.Debug|x64.ActiveCfg = Debug|Any CPU
		{0F1F6190-839C-4285-8756-98F098F01CD1}.Debug|x64.Build.0 = Debug|Any CPU
		{0F1F6190-839C-4285-8756-98F098F01CD1}.Debug|x86.ActiveCfg = Debug|Any CPU
		{0F1F6190-839C-4285-8756-98F098F01CD1}.Debug|x86.Build.0 = Debug|Any CPU
		{0F1F6190-839C-4285-8756-98F098F01CD1}.Release|Any CPU.ActiveCfg = Release|Any CPU
		{0F1F6190-839C-4285-8756-98F098F01CD1}.Release|Any CPU.Build.0 = Release|Any CPU
		{0F1F6190-839C-4285-8756-98F098F01CD1}.Release|x64.ActiveCfg = Release|Any CPU
		{0F1F6190-839C-4285-8756-98F098F01CD1}.Release|x64.Build.0 = Release|Any CPU
		{0F1F6190-839C-4285-8756-98F098F01CD1}.Release|x86.ActiveCfg = Release|Any CPU
		{0F1F6190-839C-4285-8756-98F098F01CD1}.Release|x86.Build.0 = Release|Any CPU
		{21FFEB8F-B476-46D3-83B1-19A871EF9270}.Debug|Any CPU.ActiveCfg = Debug|Win32
		{21FFEB8F-B476-46D3-83B1-19A871EF9270}.Debug|x64.ActiveCfg = Debug|x64
		{21FFEB8F-B476-46D3-83B1-19A871EF9270}.Debug|x64.Build.0 = Debug|x64
		{21FFEB8F-B476-46D3-83B1-19A871EF9270}.Debug|x86.ActiveCfg = Debug|Win32
		{21FFEB8F-B476-46D3-83B1-19A871EF9270}.Debug|x86.Build.0 = Debug|Win32
		{21FFEB8F-B476-46D3-83B1-19A871EF9270}.Release|Any CPU.ActiveCfg = Release|Win32
		{21FFEB8F-B476-46D3-83B1-19A871EF9270}.Release|x64.ActiveCfg = Release|x64
		{21FFEB8F-B476-46D3-83B1-19A871EF9270}.Release|x64.Build.0 = Release|x64
		{21FFEB8F-B476-46D3-83B1-19A871EF9270}.Release|x86.ActiveCfg = Release|Win32
		{21FFEB8F-B476-46D3-83B1-19A871EF9270}.Release|x86.Build.0 = Release|Win32
		{3FD50026-C321-4008-876B-6B491BD25487}.Debug|Any CPU.ActiveCfg = Debug|Win32
		{3FD50026-C321-4008-876B-6B491BD25487}.Debug|x64.ActiveCfg = Debug|x64
		{3FD50026-C321-4008-876B-6B491BD25487}.Debug|x64.Build.0 = Debug|x64
		{3FD50026-C321-4008-876B-6B491BD25487}.Debug|x86.ActiveCfg = Debug|Win32
		{3FD50026-C321-4008-876B-6B491BD25487}.Debug|x86.Build.0 = Debug|Win32
		{3FD50026-C321-4008-876B-6B491BD25487}.Release|Any CPU.ActiveCfg = Release|Win32
		{3FD50026-C321-4008-876B-6B491BD25487}.Release|x64.ActiveCfg = Release|x64
		{3FD50026-C321-4008-876B-6B491BD25487}.Release|x64.Build.0 = Release|x64
		{3FD50026-C321-4008-876B-6B491BD25487}.Release|x86.ActiveCfg = Release|Win32
		{3FD50026-C321-4008-876B-6B491BD25487}.Release|x86.Build.0 = Release|Win32
		{E2C00B0C-6D18-4DFD-9A03-113ABABF1028}.Debug|Any CPU.ActiveCfg = Debug|Win32
		{E2C00B0C-6D18-4DFD-9A03-113ABABF1028}.Debug|x64.ActiveCfg = Debug|x64
		{E2C00B0C-6D18-4DFD-9A03-113ABABF1028}.Debug|x64.Build.0 = Debug|x64
		{E2C00B0C-6D18-4DFD-9A03-113ABABF1028}.Debug|x86.ActiveCfg = Debug|Win32
		{E2C00B0C-6D18-4DFD-9A03-113ABABF1028}.Debug|x86.Build.0 = Debug|Win32
		{E2C00B0C-6D18-4DFD-9A03-113ABABF1028}.Release|Any CPU.ActiveCfg = Release|Win32
		{E2C00B0C-6D18-4DFD-9A03-113ABABF1028}.Release|x64.ActiveCfg = Release|x64
		{E2C00B0C-6D18-4DFD-9A03-113ABABF1028}.Release|x64.Build.0 = Release|x64
		{E2C00B0C-6D18-4DFD-9A03-113ABABF1028}.Release|x86.ActiveCfg = Release|Win32
		{E2C00B0C-6D18-4DFD-9A03-113ABABF1028}.Release|x86.Build.0 = Release|Win32
	EndGlobalSection
	GlobalSection(SolutionProperties) = preSolution
		HideSolutionNode = FALSE
	EndGlobalSection
EndGlobal
