
Microsoft Visual Studio Solution File, Format Version 12.00
# Visual Studio 15
VisualStudioVersion = 15.0.26430.14
MinimumVisualStudioVersion = 10.0.40219.1
Project("{8BC9CEB8-8B4A-11D0-8D11-00A0C91BC942}") = "exam1", "exam1\exam1.vcxproj", "{6C2B872A-1FDF-450B-B00F-1F1AAE955D31}"
EndProject
Project("{8BC9CEB8-8B4A-11D0-8D11-00A0C91BC942}") = "exam2", "exam2\exam2.vcxproj", "{AAF4C900-D1D3-4415-8B8C-49381F92479C}"
EndProject
Project("{8BC9CEB8-8B4A-11D0-8D11-00A0C91BC942}") = "exam3", "exam3\exam3.vcxproj", "{0ABB533F-BBBA-481B-8499-C560A71D92EA}"
EndProject
Project("{8BC9CEB8-8B4A-11D0-8D11-00A0C91BC942}") = "exam4", "exam4\exam4.vcxproj", "{81E2D0DD-BD2E-4D10-AF9F-5A01CAE80970}"
EndProject
Project("{8BC9CEB8-8B4A-11D0-8D11-00A0C91BC942}") = "exam5", "exam5\exam5.vcxproj", "{3428FE04-B9C7-43A9-89BE-5F28E5256E4F}"
EndProject
Project("{8BC9CEB8-8B4A-11D0-8D11-00A0C91BC942}") = "exam6", "exam6\exam6.vcxproj", "{37CD14B0-33F4-4DCA-9D2B-57D9FEC78AE1}"
EndProject
Project("{8BC9CEB8-8B4A-11D0-8D11-00A0C91BC942}") = "exam7", "exam7\exam7.vcxproj", "{183BF7E7-8D81-431D-AD4B-C12A5C5681B4}"
EndProject
Project("{8BC9CEB8-8B4A-11D0-8D11-00A0C91BC942}") = "exam8", "exam8\exam8.vcxproj", "{C9A075B6-D430-440C-AB2C-BAD79CFB8F78}"
EndProject
Project("{8BC9CEB8-8B4A-11D0-8D11-00A0C91BC942}") = "exam9", "exam9\exam9.vcxproj", "{41A38AA9-215A-4180-A1C0-D0B30E7ED828}"
EndProject
Project("{8BC9CEB8-8B4A-11D0-8D11-00A0C91BC942}") = "exam10", "exam10\exam10.vcxproj", "{2E037EDF-E730-41C8-AC6A-3F67D3F8B583}"
EndProject
Project("{8BC9CEB8-8B4A-11D0-8D11-00A0C91BC942}") = "exam11", "exam11\exam11.vcxproj", "{BC9737CA-7A64-4B11-930F-FB6FB979DFCE}"
EndProject
Project("{8BC9CEB8-8B4A-11D0-8D11-00A0C91BC942}") = "exam12", "exam12\exam12.vcxproj", "{071A27B2-E917-4E27-9555-8BC0AC826BF5}"
EndProject
Project("{8BC9CEB8-8B4A-11D0-8D11-00A0C91BC942}") = "exam13", "exam13\exam13.vcxproj", "{81AA4F7E-D1A5-42BA-8D86-D6AEE5116EF2}"
EndProject
Project("{8BC9CEB8-8B4A-11D0-8D11-00A0C91BC942}") = "exam14", "exam14\exam14.vcxproj", "{AF691B39-E774-4393-A0BA-7594661825AE}"
EndProject
Global
	GlobalSection(SolutionConfigurationPlatforms) = preSolution
		Debug|x64 = Debug|x64
		Debug|x86 = Debug|x86
		Release|x64 = Release|x64
		Release|x86 = Release|x86
	EndGlobalSection
	GlobalSection(ProjectConfigurationPlatforms) = postSolution
		{6C2B872A-1FDF-450B-B00F-1F1AAE955D31}.Debug|x64.ActiveCfg = Debug|x64
		{6C2B872A-1FDF-450B-B00F-1F1AAE955D31}.Debug|x64.Build.0 = Debug|x64
		{6C2B872A-1FDF-450B-B00F-1F1AAE955D31}.Debug|x86.ActiveCfg = Debug|Win32
		{6C2B872A-1FDF-450B-B00F-1F1AAE955D31}.Debug|x86.Build.0 = Debug|Win32
		{6C2B872A-1FDF-450B-B00F-1F1AAE955D31}.Release|x64.ActiveCfg = Release|x64
		{6C2B872A-1FDF-450B-B00F-1F1AAE955D31}.Release|x64.Build.0 = Release|x64
		{6C2B872A-1FDF-450B-B00F-1F1AAE955D31}.Release|x86.ActiveCfg = Release|Win32
		{6C2B872A-1FDF-450B-B00F-1F1AAE955D31}.Release|x86.Build.0 = Release|Win32
		{AAF4C900-D1D3-4415-8B8C-49381F92479C}.Debug|x64.ActiveCfg = Debug|x64
		{AAF4C900-D1D3-4415-8B8C-49381F92479C}.Debug|x64.Build.0 = Debug|x64
		{AAF4C900-D1D3-4415-8B8C-49381F92479C}.Debug|x86.ActiveCfg = Debug|Win32
		{AAF4C900-D1D3-4415-8B8C-49381F92479C}.Debug|x86.Build.0 = Debug|Win32
		{AAF4C900-D1D3-4415-8B8C-49381F92479C}.Release|x64.ActiveCfg = Release|x64
		{AAF4C900-D1D3-4415-8B8C-49381F92479C}.Release|x64.Build.0 = Release|x64
		{AAF4C900-D1D3-4415-8B8C-49381F92479C}.Release|x86.ActiveCfg = Release|Win32
		{AAF4C900-D1D3-4415-8B8C-49381F92479C}.Release|x86.Build.0 = Release|Win32
		{0ABB533F-BBBA-481B-8499-C560A71D92EA}.Debug|x64.ActiveCfg = Debug|x64
		{0ABB533F-BBBA-481B-8499-C560A71D92EA}.Debug|x64.Build.0 = Debug|x64
		{0ABB533F-BBBA-481B-8499-C560A71D92EA}.Debug|x86.ActiveCfg = Debug|Win32
		{0ABB533F-BBBA-481B-8499-C560A71D92EA}.Debug|x86.Build.0 = Debug|Win32
		{0ABB533F-BBBA-481B-8499-C560A71D92EA}.Release|x64.ActiveCfg = Release|x64
		{0ABB533F-BBBA-481B-8499-C560A71D92EA}.Release|x64.Build.0 = Release|x64
		{0ABB533F-BBBA-481B-8499-C560A71D92EA}.Release|x86.ActiveCfg = Release|Win32
		{0ABB533F-BBBA-481B-8499-C560A71D92EA}.Release|x86.Build.0 = Release|Win32
		{81E2D0DD-BD2E-4D10-AF9F-5A01CAE80970}.Debug|x64.ActiveCfg = Debug|x64
		{81E2D0DD-BD2E-4D10-AF9F-5A01CAE80970}.Debug|x64.Build.0 = Debug|x64
		{81E2D0DD-BD2E-4D10-AF9F-5A01CAE80970}.Debug|x86.ActiveCfg = Debug|Win32
		{81E2D0DD-BD2E-4D10-AF9F-5A01CAE80970}.Debug|x86.Build.0 = Debug|Win32
		{81E2D0DD-BD2E-4D10-AF9F-5A01CAE80970}.Release|x64.ActiveCfg = Release|x64
		{81E2D0DD-BD2E-4D10-AF9F-5A01CAE80970}.Release|x64.Build.0 = Release|x64
		{81E2D0DD-BD2E-4D10-AF9F-5A01CAE80970}.Release|x86.ActiveCfg = Release|Win32
		{81E2D0DD-BD2E-4D10-AF9F-5A01CAE80970}.Release|x86.Build.0 = Release|Win32
		{3428FE04-B9C7-43A9-89BE-5F28E5256E4F}.Debug|x64.ActiveCfg = Debug|x64
		{3428FE04-B9C7-43A9-89BE-5F28E5256E4F}.Debug|x64.Build.0 = Debug|x64
		{3428FE04-B9C7-43A9-89BE-5F28E5256E4F}.Debug|x86.ActiveCfg = Debug|Win32
		{3428FE04-B9C7-43A9-89BE-5F28E5256E4F}.Debug|x86.Build.0 = Debug|Win32
		{3428FE04-B9C7-43A9-89BE-5F28E5256E4F}.Release|x64.ActiveCfg = Release|x64
		{3428FE04-B9C7-43A9-89BE-5F28E5256E4F}.Release|x64.Build.0 = Release|x64
		{3428FE04-B9C7-43A9-89BE-5F28E5256E4F}.Release|x86.ActiveCfg = Release|Win32
		{3428FE04-B9C7-43A9-89BE-5F28E5256E4F}.Release|x86.Build.0 = Release|Win32
		{37CD14B0-33F4-4DCA-9D2B-57D9FEC78AE1}.Debug|x64.ActiveCfg = Debug|x64
		{37CD14B0-33F4-4DCA-9D2B-57D9FEC78AE1}.Debug|x64.Build.0 = Debug|x64
		{37CD14B0-33F4-4DCA-9D2B-57D9FEC78AE1}.Debug|x86.ActiveCfg = Debug|Win32
		{37CD14B0-33F4-4DCA-9D2B-57D9FEC78AE1}.Debug|x86.Build.0 = Debug|Win32
		{37CD14B0-33F4-4DCA-9D2B-57D9FEC78AE1}.Release|x64.ActiveCfg = Release|x64
		{37CD14B0-33F4-4DCA-9D2B-57D9FEC78AE1}.Release|x64.Build.0 = Release|x64
		{37CD14B0-33F4-4DCA-9D2B-57D9FEC78AE1}.Release|x86.ActiveCfg = Release|Win32
		{37CD14B0-33F4-4DCA-9D2B-57D9FEC78AE1}.Release|x86.Build.0 = Release|Win32
		{183BF7E7-8D81-431D-AD4B-C12A5C5681B4}.Debug|x64.ActiveCfg = Debug|x64
		{183BF7E7-8D81-431D-AD4B-C12A5C5681B4}.Debug|x64.Build.0 = Debug|x64
		{183BF7E7-8D81-431D-AD4B-C12A5C5681B4}.Debug|x86.ActiveCfg = Debug|Win32
		{183BF7E7-8D81-431D-AD4B-C12A5C5681B4}.Debug|x86.Build.0 = Debug|Win32
		{183BF7E7-8D81-431D-AD4B-C12A5C5681B4}.Release|x64.ActiveCfg = Release|x64
		{183BF7E7-8D81-431D-AD4B-C12A5C5681B4}.Release|x64.Build.0 = Release|x64
		{183BF7E7-8D81-431D-AD4B-C12A5C5681B4}.Release|x86.ActiveCfg = Release|Win32
		{183BF7E7-8D81-431D-AD4B-C12A5C5681B4}.Release|x86.Build.0 = Release|Win32
		{C9A075B6-D430-440C-AB2C-BAD79CFB8F78}.Debug|x64.ActiveCfg = Debug|x64
		{C9A075B6-D430-440C-AB2C-BAD79CFB8F78}.Debug|x64.Build.0 = Debug|x64
		{C9A075B6-D430-440C-AB2C-BAD79CFB8F78}.Debug|x86.ActiveCfg = Debug|Win32
		{C9A075B6-D430-440C-AB2C-BAD79CFB8F78}.Debug|x86.Build.0 = Debug|Win32
		{C9A075B6-D430-440C-AB2C-BAD79CFB8F78}.Release|x64.ActiveCfg = Release|x64
		{C9A075B6-D430-440C-AB2C-BAD79CFB8F78}.Release|x64.Build.0 = Release|x64
		{C9A075B6-D430-440C-AB2C-BAD79CFB8F78}.Release|x86.ActiveCfg = Release|Win32
		{C9A075B6-D430-440C-AB2C-BAD79CFB8F78}.Release|x86.Build.0 = Release|Win32
		{41A38AA9-215A-4180-A1C0-D0B30E7ED828}.Debug|x64.ActiveCfg = Debug|x64
		{41A38AA9-215A-4180-A1C0-D0B30E7ED828}.Debug|x64.Build.0 = Debug|x64
		{41A38AA9-215A-4180-A1C0-D0B30E7ED828}.Debug|x86.ActiveCfg = Debug|Win32
		{41A38AA9-215A-4180-A1C0-D0B30E7ED828}.Debug|x86.Build.0 = Debug|Win32
		{41A38AA9-215A-4180-A1C0-D0B30E7ED828}.Release|x64.ActiveCfg = Release|x64
		{41A38AA9-215A-4180-A1C0-D0B30E7ED828}.Release|x64.Build.0 = Release|x64
		{41A38AA9-215A-4180-A1C0-D0B30E7ED828}.Release|x86.ActiveCfg = Release|Win32
		{41A38AA9-215A-4180-A1C0-D0B30E7ED828}.Release|x86.Build.0 = Release|Win32
		{2E037EDF-E730-41C8-AC6A-3F67D3F8B583}.Debug|x64.ActiveCfg = Debug|x64
		{2E037EDF-E730-41C8-AC6A-3F67D3F8B583}.Debug|x64.Build.0 = Debug|x64
		{2E037EDF-E730-41C8-AC6A-3F67D3F8B583}.Debug|x86.ActiveCfg = Debug|Win32
		{2E037EDF-E730-41C8-AC6A-3F67D3F8B583}.Debug|x86.Build.0 = Debug|Win32
		{2E037EDF-E730-41C8-AC6A-3F67D3F8B583}.Release|x64.ActiveCfg = Release|x64
		{2E037EDF-E730-41C8-AC6A-3F67D3F8B583}.Release|x64.Build.0 = Release|x64
		{2E037EDF-E730-41C8-AC6A-3F67D3F8B583}.Release|x86.ActiveCfg = Release|Win32
		{2E037EDF-E730-41C8-AC6A-3F67D3F8B583}.Release|x86.Build.0 = Release|Win32
		{BC9737CA-7A64-4B11-930F-FB6FB979DFCE}.Debug|x64.ActiveCfg = Debug|x64
		{BC9737CA-7A64-4B11-930F-FB6FB979DFCE}.Debug|x64.Build.0 = Debug|x64
		{BC9737CA-7A64-4B11-930F-FB6FB979DFCE}.Debug|x86.ActiveCfg = Debug|Win32
		{BC9737CA-7A64-4B11-930F-FB6FB979DFCE}.Debug|x86.Build.0 = Debug|Win32
		{BC9737CA-7A64-4B11-930F-FB6FB979DFCE}.Release|x64.ActiveCfg = Release|x64
		{BC9737CA-7A64-4B11-930F-FB6FB979DFCE}.Release|x64.Build.0 = Release|x64
		{BC9737CA-7A64-4B11-930F-FB6FB979DFCE}.Release|x86.ActiveCfg = Release|Win32
		{BC9737CA-7A64-4B11-930F-FB6FB979DFCE}.Release|x86.Build.0 = Release|Win32
		{071A27B2-E917-4E27-9555-8BC0AC826BF5}.Debug|x64.ActiveCfg = Debug|x64
		{071A27B2-E917-4E27-9555-8BC0AC826BF5}.Debug|x64.Build.0 = Debug|x64
		{071A27B2-E917-4E27-9555-8BC0AC826BF5}.Debug|x86.ActiveCfg = Debug|Win32
		{071A27B2-E917-4E27-9555-8BC0AC826BF5}.Debug|x86.Build.0 = Debug|Win32
		{071A27B2-E917-4E27-9555-8BC0AC826BF5}.Release|x64.ActiveCfg = Release|x64
		{071A27B2-E917-4E27-9555-8BC0AC826BF5}.Release|x64.Build.0 = Release|x64
		{071A27B2-E917-4E27-9555-8BC0AC826BF5}.Release|x86.ActiveCfg = Release|Win32
		{071A27B2-E917-4E27-9555-8BC0AC826BF5}.Release|x86.Build.0 = Release|Win32
		{81AA4F7E-D1A5-42BA-8D86-D6AEE5116EF2}.Debug|x64.ActiveCfg = Debug|x64
		{81AA4F7E-D1A5-42BA-8D86-D6AEE5116EF2}.Debug|x64.Build.0 = Debug|x64
		{81AA4F7E-D1A5-42BA-8D86-D6AEE5116EF2}.Debug|x86.ActiveCfg = Debug|Win32
		{81AA4F7E-D1A5-42BA-8D86-D6AEE5116EF2}.Debug|x86.Build.0 = Debug|Win32
		{81AA4F7E-D1A5-42BA-8D86-D6AEE5116EF2}.Release|x64.ActiveCfg = Release|x64
		{81AA4F7E-D1A5-42BA-8D86-D6AEE5116EF2}.Release|x64.Build.0 = Release|x64
		{81AA4F7E-D1A5-42BA-8D86-D6AEE5116EF2}.Release|x86.ActiveCfg = Release|Win32
		{81AA4F7E-D1A5-42BA-8D86-D6AEE5116EF2}.Release|x86.Build.0 = Release|Win32
		{AF691B39-E774-4393-A0BA-7594661825AE}.Debug|x64.ActiveCfg = Debug|x64
		{AF691B39-E774-4393-A0BA-7594661825AE}.Debug|x64.Build.0 = Debug|x64
		{AF691B39-E774-4393-A0BA-7594661825AE}.Debug|x86.ActiveCfg = Debug|Win32
		{AF691B39-E774-4393-A0BA-7594661825AE}.Debug|x86.Build.0 = Debug|Win32
		{AF691B39-E774-4393-A0BA-7594661825AE}.Release|x64.ActiveCfg = Release|x64
		{AF691B39-E774-4393-A0BA-7594661825AE}.Release|x64.Build.0 = Release|x64
		{AF691B39-E774-4393-A0BA-7594661825AE}.Release|x86.ActiveCfg = Release|Win32
		{AF691B39-E774-4393-A0BA-7594661825AE}.Release|x86.Build.0 = Release|Win32
	EndGlobalSection
	GlobalSection(SolutionProperties) = preSolution
		HideSolutionNode = FALSE
	EndGlobalSection
EndGlobal
