
Microsoft Visual Studio Solution File, Format Version 12.00
# Visual Studio 15
VisualStudioVersion = 15.0.26430.14
MinimumVisualStudioVersion = 10.0.40219.1
Project("{8BC9CEB8-8B4A-11D0-8D11-00A0C91BC942}") = "exam1", "exam1\exam1.vcxproj", "{DD03B6DF-37D3-4FE4-A937-6637CFB8828D}"
EndProject
Project("{8BC9CEB8-8B4A-11D0-8D11-00A0C91BC942}") = "exam2", "exam2\exam2.vcxproj", "{C4FAB240-1BF5-4BD5-93F8-76495C9DD06E}"
EndProject
Project("{8BC9CEB8-8B4A-11D0-8D11-00A0C91BC942}") = "exam3", "exam3\exam3.vcxproj", "{AC56C4F5-5F47-4870-B361-15751535E5DF}"
EndProject
Project("{8BC9CEB8-8B4A-11D0-8D11-00A0C91BC942}") = "exam4", "exam4\exam4.vcxproj", "{E917E2E6-B1EE-4EAA-9E0B-72EDBA313268}"
EndProject
Project("{8BC9CEB8-8B4A-11D0-8D11-00A0C91BC942}") = "exam5", "exam5\exam5.vcxproj", "{64B57A78-B3EB-4B9C-9B2A-94ABA77D24D7}"
EndProject
Global
	GlobalSection(SolutionConfigurationPlatforms) = preSolution
		Debug|x64 = Debug|x64
		Debug|x86 = Debug|x86
		Release|x64 = Release|x64
		Release|x86 = Release|x86
	EndGlobalSection
	GlobalSection(ProjectConfigurationPlatforms) = postSolution
		{DD03B6DF-37D3-4FE4-A937-6637CFB8828D}.Debug|x64.ActiveCfg = Debug|x64
		{DD03B6DF-37D3-4FE4-A937-6637CFB8828D}.Debug|x64.Build.0 = Debug|x64
		{DD03B6DF-37D3-4FE4-A937-6637CFB8828D}.Debug|x86.ActiveCfg = Debug|Win32
		{DD03B6DF-37D3-4FE4-A937-6637CFB8828D}.Debug|x86.Build.0 = Debug|Win32
		{DD03B6DF-37D3-4FE4-A937-6637CFB8828D}.Release|x64.ActiveCfg = Release|x64
		{DD03B6DF-37D3-4FE4-A937-6637CFB8828D}.Release|x64.Build.0 = Release|x64
		{DD03B6DF-37D3-4FE4-A937-6637CFB8828D}.Release|x86.ActiveCfg = Release|Win32
		{DD03B6DF-37D3-4FE4-A937-6637CFB8828D}.Release|x86.Build.0 = Release|Win32
		{C4FAB240-1BF5-4BD5-93F8-76495C9DD06E}.Debug|x64.ActiveCfg = Debug|x64
		{C4FAB240-1BF5-4BD5-93F8-76495C9DD06E}.Debug|x64.Build.0 = Debug|x64
		{C4FAB240-1BF5-4BD5-93F8-76495C9DD06E}.Debug|x86.ActiveCfg = Debug|Win32
		{C4FAB240-1BF5-4BD5-93F8-76495C9DD06E}.Debug|x86.Build.0 = Debug|Win32
		{C4FAB240-1BF5-4BD5-93F8-76495C9DD06E}.Release|x64.ActiveCfg = Release|x64
		{C4FAB240-1BF5-4BD5-93F8-76495C9DD06E}.Release|x64.Build.0 = Release|x64
		{C4FAB240-1BF5-4BD5-93F8-76495C9DD06E}.Release|x86.ActiveCfg = Release|Win32
		{C4FAB240-1BF5-4BD5-93F8-76495C9DD06E}.Release|x86.Build.0 = Release|Win32
		{AC56C4F5-5F47-4870-B361-15751535E5DF}.Debug|x64.ActiveCfg = Debug|x64
		{AC56C4F5-5F47-4870-B361-15751535E5DF}.Debug|x64.Build.0 = Debug|x64
		{AC56C4F5-5F47-4870-B361-15751535E5DF}.Debug|x86.ActiveCfg = Debug|Win32
		{AC56C4F5-5F47-4870-B361-15751535E5DF}.Debug|x86.Build.0 = Debug|Win32
		{AC56C4F5-5F47-4870-B361-15751535E5DF}.Release|x64.ActiveCfg = Release|x64
		{AC56C4F5-5F47-4870-B361-15751535E5DF}.Release|x64.Build.0 = Release|x64
		{AC56C4F5-5F47-4870-B361-15751535E5DF}.Release|x86.ActiveCfg = Release|Win32
		{AC56C4F5-5F47-4870-B361-15751535E5DF}.Release|x86.Build.0 = Release|Win32
		{E917E2E6-B1EE-4EAA-9E0B-72EDBA313268}.Debug|x64.ActiveCfg = Debug|x64
		{E917E2E6-B1EE-4EAA-9E0B-72EDBA313268}.Debug|x64.Build.0 = Debug|x64
		{E917E2E6-B1EE-4EAA-9E0B-72EDBA313268}.Debug|x86.ActiveCfg = Debug|Win32
		{E917E2E6-B1EE-4EAA-9E0B-72EDBA313268}.Debug|x86.Build.0 = Debug|Win32
		{E917E2E6-B1EE-4EAA-9E0B-72EDBA313268}.Release|x64.ActiveCfg = Release|x64
		{E917E2E6-B1EE-4EAA-9E0B-72EDBA313268}.Release|x64.Build.0 = Release|x64
		{E917E2E6-B1EE-4EAA-9E0B-72EDBA313268}.Release|x86.ActiveCfg = Release|Win32
		{E917E2E6-B1EE-4EAA-9E0B-72EDBA313268}.Release|x86.Build.0 = Release|Win32
		{64B57A78-B3EB-4B9C-9B2A-94ABA77D24D7}.Debug|x64.ActiveCfg = Debug|x64
		{64B57A78-B3EB-4B9C-9B2A-94ABA77D24D7}.Debug|x64.Build.0 = Debug|x64
		{64B57A78-B3EB-4B9C-9B2A-94ABA77D24D7}.Debug|x86.ActiveCfg = Debug|Win32
		{64B57A78-B3EB-4B9C-9B2A-94ABA77D24D7}.Debug|x86.Build.0 = Debug|Win32
		{64B57A78-B3EB-4B9C-9B2A-94ABA77D24D7}.Release|x64.ActiveCfg = Release|x64
		{64B57A78-B3EB-4B9C-9B2A-94ABA77D24D7}.Release|x64.Build.0 = Release|x64
		{64B57A78-B3EB-4B9C-9B2A-94ABA77D24D7}.Release|x86.ActiveCfg = Release|Win32
		{64B57A78-B3EB-4B9C-9B2A-94ABA77D24D7}.Release|x86.Build.0 = Release|Win32
	EndGlobalSection
	GlobalSection(SolutionProperties) = preSolution
		HideSolutionNode = FALSE
	EndGlobalSection
EndGlobal
