
Microsoft Visual Studio Solution File, Format Version 12.00
# Visual Studio 15
VisualStudioVersion = 15.0.26430.14
MinimumVisualStudioVersion = 10.0.40219.1
Project("{8BC9CEB8-8B4A-11D0-8D11-00A0C91BC942}") = "exam1", "exam1\exam1.vcxproj", "{0915D252-0EA6-4F32-A050-B4AB4A120955}"
EndProject
Project("{8BC9CEB8-8B4A-11D0-8D11-00A0C91BC942}") = "exam2", "exam2\exam2.vcxproj", "{591BC144-2533-4442-AD2D-369390FE21EE}"
EndProject
Project("{8BC9CEB8-8B4A-11D0-8D11-00A0C91BC942}") = "exam3", "exam3\exam3.vcxproj", "{9150B5CF-18B3-4A7A-99CF-59BA38C78E4E}"
EndProject
Project("{8BC9CEB8-8B4A-11D0-8D11-00A0C91BC942}") = "exam4", "exam4\exam4.vcxproj", "{A4A0A39C-A6B2-4E1A-BE55-AD6E747FDB20}"
EndProject
Project("{8BC9CEB8-8B4A-11D0-8D11-00A0C91BC942}") = "exam5", "exam5\exam5.vcxproj", "{29189B83-888F-4C50-96B4-4508926C2E90}"
EndProject
Project("{8BC9CEB8-8B4A-11D0-8D11-00A0C91BC942}") = "exam6", "exam6\exam6.vcxproj", "{409AF22D-1393-463E-8577-AB2A59E08809}"
EndProject
Project("{8BC9CEB8-8B4A-11D0-8D11-00A0C91BC942}") = "exam7", "exam7\exam7.vcxproj", "{B5A57295-7493-4B43-850A-28687254F4B7}"
EndProject
Project("{8BC9CEB8-8B4A-11D0-8D11-00A0C91BC942}") = "exam8", "exam8\exam8.vcxproj", "{24D3858B-D685-4DF4-9D32-B5CB112FEAA1}"
EndProject
Project("{8BC9CEB8-8B4A-11D0-8D11-00A0C91BC942}") = "exam9", "exam9\exam9.vcxproj", "{41399204-13E0-44A2-95B0-5A777310BE27}"
EndProject
Global
	GlobalSection(SolutionConfigurationPlatforms) = preSolution
		Debug|x64 = Debug|x64
		Debug|x86 = Debug|x86
		Release|x64 = Release|x64
		Release|x86 = Release|x86
	EndGlobalSection
	GlobalSection(ProjectConfigurationPlatforms) = postSolution
		{0915D252-0EA6-4F32-A050-B4AB4A120955}.Debug|x64.ActiveCfg = Debug|x64
		{0915D252-0EA6-4F32-A050-B4AB4A120955}.Debug|x64.Build.0 = Debug|x64
		{0915D252-0EA6-4F32-A050-B4AB4A120955}.Debug|x86.ActiveCfg = Debug|Win32
		{0915D252-0EA6-4F32-A050-B4AB4A120955}.Debug|x86.Build.0 = Debug|Win32
		{0915D252-0EA6-4F32-A050-B4AB4A120955}.Release|x64.ActiveCfg = Release|x64
		{0915D252-0EA6-4F32-A050-B4AB4A120955}.Release|x64.Build.0 = Release|x64
		{0915D252-0EA6-4F32-A050-B4AB4A120955}.Release|x86.ActiveCfg = Release|Win32
		{0915D252-0EA6-4F32-A050-B4AB4A120955}.Release|x86.Build.0 = Release|Win32
		{591BC144-2533-4442-AD2D-369390FE21EE}.Debug|x64.ActiveCfg = Debug|x64
		{591BC144-2533-4442-AD2D-369390FE21EE}.Debug|x64.Build.0 = Debug|x64
		{591BC144-2533-4442-AD2D-369390FE21EE}.Debug|x86.ActiveCfg = Debug|Win32
		{591BC144-2533-4442-AD2D-369390FE21EE}.Debug|x86.Build.0 = Debug|Win32
		{591BC144-2533-4442-AD2D-369390FE21EE}.Release|x64.ActiveCfg = Release|x64
		{591BC144-2533-4442-AD2D-369390FE21EE}.Release|x64.Build.0 = Release|x64
		{591BC144-2533-4442-AD2D-369390FE21EE}.Release|x86.ActiveCfg = Release|Win32
		{591BC144-2533-4442-AD2D-369390FE21EE}.Release|x86.Build.0 = Release|Win32
		{9150B5CF-18B3-4A7A-99CF-59BA38C78E4E}.Debug|x64.ActiveCfg = Debug|x64
		{9150B5CF-18B3-4A7A-99CF-59BA38C78E4E}.Debug|x64.Build.0 = Debug|x64
		{9150B5CF-18B3-4A7A-99CF-59BA38C78E4E}.Debug|x86.ActiveCfg = Debug|Win32
		{9150B5CF-18B3-4A7A-99CF-59BA38C78E4E}.Debug|x86.Build.0 = Debug|Win32
		{9150B5CF-18B3-4A7A-99CF-59BA38C78E4E}.Release|x64.ActiveCfg = Release|x64
		{9150B5CF-18B3-4A7A-99CF-59BA38C78E4E}.Release|x64.Build.0 = Release|x64
		{9150B5CF-18B3-4A7A-99CF-59BA38C78E4E}.Release|x86.ActiveCfg = Release|Win32
		{9150B5CF-18B3-4A7A-99CF-59BA38C78E4E}.Release|x86.Build.0 = Release|Win32
		{A4A0A39C-A6B2-4E1A-BE55-AD6E747FDB20}.Debug|x64.ActiveCfg = Debug|x64
		{A4A0A39C-A6B2-4E1A-BE55-AD6E747FDB20}.Debug|x64.Build.0 = Debug|x64
		{A4A0A39C-A6B2-4E1A-BE55-AD6E747FDB20}.Debug|x86.ActiveCfg = Debug|Win32
		{A4A0A39C-A6B2-4E1A-BE55-AD6E747FDB20}.Debug|x86.Build.0 = Debug|Win32
		{A4A0A39C-A6B2-4E1A-BE55-AD6E747FDB20}.Release|x64.ActiveCfg = Release|x64
		{A4A0A39C-A6B2-4E1A-BE55-AD6E747FDB20}.Release|x64.Build.0 = Release|x64
		{A4A0A39C-A6B2-4E1A-BE55-AD6E747FDB20}.Release|x86.ActiveCfg = Release|Win32
		{A4A0A39C-A6B2-4E1A-BE55-AD6E747FDB20}.Release|x86.Build.0 = Release|Win32
		{29189B83-888F-4C50-96B4-4508926C2E90}.Debug|x64.ActiveCfg = Debug|x64
		{29189B83-888F-4C50-96B4-4508926C2E90}.Debug|x64.Build.0 = Debug|x64
		{29189B83-888F-4C50-96B4-4508926C2E90}.Debug|x86.ActiveCfg = Debug|Win32
		{29189B83-888F-4C50-96B4-4508926C2E90}.Debug|x86.Build.0 = Debug|Win32
		{29189B83-888F-4C50-96B4-4508926C2E90}.Release|x64.ActiveCfg = Release|x64
		{29189B83-888F-4C50-96B4-4508926C2E90}.Release|x64.Build.0 = Release|x64
		{29189B83-888F-4C50-96B4-4508926C2E90}.Release|x86.ActiveCfg = Release|Win32
		{29189B83-888F-4C50-96B4-4508926C2E90}.Release|x86.Build.0 = Release|Win32
		{409AF22D-1393-463E-8577-AB2A59E08809}.Debug|x64.ActiveCfg = Debug|x64
		{409AF22D-1393-463E-8577-AB2A59E08809}.Debug|x64.Build.0 = Debug|x64
		{409AF22D-1393-463E-8577-AB2A59E08809}.Debug|x86.ActiveCfg = Debug|Win32
		{409AF22D-1393-463E-8577-AB2A59E08809}.Debug|x86.Build.0 = Debug|Win32
		{409AF22D-1393-463E-8577-AB2A59E08809}.Release|x64.ActiveCfg = Release|x64
		{409AF22D-1393-463E-8577-AB2A59E08809}.Release|x64.Build.0 = Release|x64
		{409AF22D-1393-463E-8577-AB2A59E08809}.Release|x86.ActiveCfg = Release|Win32
		{409AF22D-1393-463E-8577-AB2A59E08809}.Release|x86.Build.0 = Release|Win32
		{B5A57295-7493-4B43-850A-28687254F4B7}.Debug|x64.ActiveCfg = Debug|x64
		{B5A57295-7493-4B43-850A-28687254F4B7}.Debug|x64.Build.0 = Debug|x64
		{B5A57295-7493-4B43-850A-28687254F4B7}.Debug|x86.ActiveCfg = Debug|Win32
		{B5A57295-7493-4B43-850A-28687254F4B7}.Debug|x86.Build.0 = Debug|Win32
		{B5A57295-7493-4B43-850A-28687254F4B7}.Release|x64.ActiveCfg = Release|x64
		{B5A57295-7493-4B43-850A-28687254F4B7}.Release|x64.Build.0 = Release|x64
		{B5A57295-7493-4B43-850A-28687254F4B7}.Release|x86.ActiveCfg = Release|Win32
		{B5A57295-7493-4B43-850A-28687254F4B7}.Release|x86.Build.0 = Release|Win32
		{24D3858B-D685-4DF4-9D32-B5CB112FEAA1}.Debug|x64.ActiveCfg = Debug|x64
		{24D3858B-D685-4DF4-9D32-B5CB112FEAA1}.Debug|x64.Build.0 = Debug|x64
		{24D3858B-D685-4DF4-9D32-B5CB112FEAA1}.Debug|x86.ActiveCfg = Debug|Win32
		{24D3858B-D685-4DF4-9D32-B5CB112FEAA1}.Debug|x86.Build.0 = Debug|Win32
		{24D3858B-D685-4DF4-9D32-B5CB112FEAA1}.Release|x64.ActiveCfg = Release|x64
		{24D3858B-D685-4DF4-9D32-B5CB112FEAA1}.Release|x64.Build.0 = Release|x64
		{24D3858B-D685-4DF4-9D32-B5CB112FEAA1}.Release|x86.ActiveCfg = Release|Win32
		{24D3858B-D685-4DF4-9D32-B5CB112FEAA1}.Release|x86.Build.0 = Release|Win32
		{41399204-13E0-44A2-95B0-5A777310BE27}.Debug|x64.ActiveCfg = Debug|x64
		{41399204-13E0-44A2-95B0-5A777310BE27}.Debug|x64.Build.0 = Debug|x64
		{41399204-13E0-44A2-95B0-5A777310BE27}.Debug|x86.ActiveCfg = Debug|Win32
		{41399204-13E0-44A2-95B0-5A777310BE27}.Debug|x86.Build.0 = Debug|Win32
		{41399204-13E0-44A2-95B0-5A777310BE27}.Release|x64.ActiveCfg = Release|x64
		{41399204-13E0-44A2-95B0-5A777310BE27}.Release|x64.Build.0 = Release|x64
		{41399204-13E0-44A2-95B0-5A777310BE27}.Release|x86.ActiveCfg = Release|Win32
		{41399204-13E0-44A2-95B0-5A777310BE27}.Release|x86.Build.0 = Release|Win32
	EndGlobalSection
	GlobalSection(SolutionProperties) = preSolution
		HideSolutionNode = FALSE
	EndGlobalSection
EndGlobal
